{
  "version": "5",
  "specifiers": {
    "jsr:@deno/esbuild-plugin@^1.2.0": "1.2.1",
    "jsr:@deno/loader@0.4": "0.4.0",
    "jsr:@deno/loader@~0.3.10": "0.3.14",
    "jsr:@fresh/build-id@1": "1.0.1",
    "jsr:@fresh/core@2": "2.3.3",
    "jsr:@fresh/core@^2.3.3": "2.3.3",
    "jsr:@fresh/plugin-vite@^1.0.8": "1.1.2",
    "jsr:@std/assert@1": "1.0.19",
    "jsr:@std/assert@^1.0.19": "1.0.19",
    "jsr:@std/bytes@^1.0.6": "1.0.6",
    "jsr:@std/dotenv@~0.225.5": "0.225.8",
    "jsr:@std/encoding@^1.0.10": "1.0.11",
    "jsr:@std/encoding@^1.0.11": "1.0.11",
    "jsr:@std/fmt@^1.0.7": "1.0.10",
    "jsr:@std/fmt@^1.0.8": "1.0.10",
    "jsr:@std/fs@^1.0.19": "1.0.24",
    "jsr:@std/html@^1.0.5": "1.0.7",
    "jsr:@std/http@^1.0.21": "1.1.3",
    "jsr:@std/internal@^1.0.12": "1.0.14",
    "jsr:@std/internal@^1.0.14": "1.0.14",
    "jsr:@std/jsonc@^1.0.2": "1.0.2",
    "jsr:@std/media-types@1": "1.1.0",
    "jsr:@std/media-types@^1.1.0": "1.1.0",
    "jsr:@std/net@^1.0.6": "1.0.6",
    "jsr:@std/path@1": "1.1.6",
    "jsr:@std/path@^1.1.1": "1.1.6",
    "jsr:@std/path@^1.1.2": "1.1.6",
    "jsr:@std/path@^1.1.5": "1.1.6",
    "jsr:@std/semver@^1.0.6": "1.0.8",
    "jsr:@std/testing@1": "1.0.20",
    "jsr:@std/uuid@^1.0.9": "1.1.1",
    "npm:@opentelemetry/api@^1.9.0": "1.9.1",
    "npm:@preact/signals@2.9.0": "2.9.0_preact@10.29.1",
    "npm:@preact/signals@^2.5.1": "2.11.0_preact@10.29.8__preact-render-to-string@6.7.0___preact@10.29.8_preact-render-to-string@6.7.0__preact@10.29.8___preact-render-to-string@6.7.0",
    "npm:daisyui@5": "5.5.19",
    "npm:driver.js@1": "1.8.0",
    "npm:preact-render-to-string@^6.6.3": "6.7.0_preact@10.29.8__preact-render-to-string@6.7.0",
    "npm:preact@10.29.1": "10.29.1",
    "npm:preact@^10.29.1": "10.29.8_preact-render-to-string@6.7.0__preact@10.29.8"
  },
  "jsr": {
    "@deno/esbuild-plugin@1.2.1": {
      "integrity": "df629467913adc1f960149fdfa3a3430ba8c20381c310fba096db244e6c3c9f6",
      "dependencies": [
        "jsr:@deno/loader@~0.3.10",
        "jsr:@std/path@^1.1.1"
      ]
    },
    "@deno/loader@0.3.14": {
      "integrity": "97bc63a6cc2d27a60bcdc953f588c5213331d866d44212eebb24cebfb9b011ca"
    },
    "@deno/loader@0.4.0": {
      "integrity": "6c1b18cfa18592740613ce79e15625c24268d60dbfc54bebfb5153bf512c536b"
    },
    "@fresh/build-id@1.0.1": {
      "integrity": "12a2ec25fd52ae9ec68c26848a5696cd1c9b537f7c983c7e56e4fb1e7e816c20",
      "dependencies": [
        "jsr:@std/encoding@^1.0.10"
      ]
    },
    "@fresh/core@2.3.3": {
      "integrity": "6c2aad199976644352c89a1d601f3ef331b1d24cdadb53ed469324a303598383",
      "dependencies": [
        "jsr:@deno/esbuild-plugin",
        "jsr:@fresh/build-id",
        "jsr:@std/encoding@^1.0.10",
        "jsr:@std/fmt@^1.0.8",
        "jsr:@std/fs",
        "jsr:@std/html",
        "jsr:@std/http",
        "jsr:@std/jsonc",
        "jsr:@std/media-types@^1.1.0",
        "jsr:@std/net",
        "jsr:@std/path@^1.1.2",
        "jsr:@std/semver",
        "jsr:@std/uuid",
        "npm:@opentelemetry/api",
        "npm:@preact/signals@^2.5.1",
        "npm:preact-render-to-string",
        "npm:preact@^10.29.1"
      ]
    },
    "@fresh/plugin-vite@1.1.2": {
      "integrity": "4b29946c561781d5e557416d2d63ec44428062667b8b0376897a06d8bb397c7d",
      "dependencies": [
        "jsr:@deno/loader@0.4",
        "jsr:@fresh/core@2",
        "jsr:@fresh/core@^2.3.3",
        "jsr:@std/dotenv",
        "jsr:@std/fmt@^1.0.7",
        "jsr:@std/media-types@1",
        "jsr:@std/path@1"
      ]
    },
    "@std/assert@1.0.19": {
      "integrity": "eaada96ee120cb980bc47e040f82814d786fe8162ecc53c91d8df60b8755991e",
      "dependencies": [
        "jsr:@std/internal@^1.0.12"
      ]
    },
    "@std/bytes@1.0.6": {
      "integrity": "f6ac6adbd8ccd99314045f5703e23af0a68d7f7e58364b47d2c7f408aeb5820a"
    },
    "@std/dotenv@0.225.6": {
      "integrity": "1d6f9db72f565bd26790fa034c26e45ecb260b5245417be76c2279e5734c421b"
    },
    "@std/dotenv@0.225.8": {
      "integrity": "27b8c1a9d00cbf938345a5924487c04d9b27bdd7e7bd1983f54bcf76d0a0174a"
    },
    "@std/encoding@1.0.10": {
      "integrity": "8783c6384a2d13abd5e9e87a7ae0520a30e9f56aeeaa3bdf910a3eaaf5c811a1"
    },
    "@std/encoding@1.0.11": {
      "integrity": "e7cef2f0b3153bccc17431e7c864a1de03a4b6d9647389c43e08aaa775d37385"
    },
    "@std/fmt@1.0.10": {
      "integrity": "90dfba288802ac6de82fb31d0917eb9e4450b9925b954d5e51fc29ac07419db5"
    },
    "@std/fs@1.0.24": {
      "integrity": "f3061b45b81673a2bece689da041df32d174be064c89eb6397fb5718d3fb7877",
      "dependencies": [
        "jsr:@std/path@^1.1.5"
      ]
    },
    "@std/html@1.0.5": {
      "integrity": "4e2d693f474cae8c16a920fa5e15a3b72267b94b84667f11a50c6dd1cb18d35e"
    },
    "@std/html@1.0.7": {
      "integrity": "175c818905a6e75743c69c251395e273d82698e58cfe7dd76268d70e28b8d8fe"
    },
    "@std/http@1.1.3": {
      "integrity": "73a98e05ff58aa18bea562d286172e6c815b1eddd4fcab194beda19e3683b88c",
      "dependencies": [
        "jsr:@std/encoding@^1.0.11"
      ]
    },
    "@std/internal@1.0.14": {
      "integrity": "291516b3d4c35024d6ffbc0a9df5bf4c64116e05b50012cf846710152d2ffdf7"
    },
    "@std/jsonc@1.0.2": {
      "integrity": "909605dae3af22bd75b1cbda8d64a32cf1fd2cf6efa3f9e224aba6d22c0f44c7"
    },
    "@std/media-types@1.1.0": {
      "integrity": "c9d093f0c05c3512932b330e3cc1fe1d627b301db33a4c2c2185c02471d6eaa4"
    },
    "@std/net@1.0.6": {
      "integrity": "110735f93e95bb9feb95790a8b1d1bf69ec0dc74f3f97a00a76ea5efea25500c"
    },
    "@std/path@1.1.6": {
      "integrity": "c68485c2a4dfbb5ae3cc74fae4e8c4e5d874cf8a8ed12927917235c758b46cbe",
      "dependencies": [
        "jsr:@std/internal@^1.0.14"
      ]
    },
    "@std/semver@1.0.8": {
      "integrity": "dc830e8b8b6a380c895d53fbfd1258dc253704ca57bbe1629ac65fd7830179b7"
    },
    "@std/testing@1.0.20": {
      "integrity": "21380ed438672762e4ec549cbf4fe41c5b68f5598773a30b64abe7375513e721",
      "dependencies": [
        "jsr:@std/assert@^1.0.19",
        "jsr:@std/internal@^1.0.14"
      ]
    },
    "@std/uuid@1.1.1": {
      "integrity": "7b49060282d90f72fec64952f8c7a2914cbe6fdba3eca665f8cedc90830154a7",
      "dependencies": [
        "jsr:@std/bytes"
      ]
    }
  },
  "npm": {
    "@opentelemetry/api@1.9.1": {
      "integrity": "sha512-gLyJlPHPZYdAk1JENA9LeHejZe1Ti77/pTeFm/nMXmQH/HFZlcS/O2XJB+L8fkbrNSqhdtlvjBVjxwUYanNH5Q=="
    },
    "@preact/signals-core@1.14.4": {
      "integrity": "sha512-HNB6HYeYKhQbJ1aKl+YRjrS4+QWHLKX6qKoUsfS/m0vqzsVaEBiZiaKbG/e+NKk2ch5ALQr/ihWaMHxiCuuWHA=="
    },
    "@preact/signals@2.11.0_preact@10.29.8__preact-render-to-string@6.7.0___preact@10.29.8_preact-render-to-string@6.7.0__preact@10.29.8___preact-render-to-string@6.7.0": {
      "integrity": "sha512-mmrZ8I/Wef+tmSsQSjZySLRlnvuYAVfSZEy1+HrFvSwBtQf8/zSM+bV7odllUXIhKzUkBjsNk+TLZ20nt7p6Gg==",
      "dependencies": [
        "@preact/signals-core",
        "preact@10.29.8_preact-render-to-string@6.7.0__preact@10.29.8"
      ]
    },
    "@preact/signals@2.9.0_preact@10.29.1": {
      "integrity": "sha512-hYrY0KyUqkDgOl1qba/JGn6y81pXnurn21PMaxfcMwdncdZ3M/oVdmpTvEnsGjh48dIwDVc7bjWHqIsngSjYug==",
      "dependencies": [
        "@preact/signals-core",
        "preact@10.29.1"
      ]
    },
    "daisyui@5.5.19": {
      "integrity": "sha512-pbFAkl1VCEh/MPCeclKL61I/MqRIFFhNU7yiXoDDRapXN4/qNCoMxeCCswyxEEhqL5eiTTfwHvucFtOE71C9sA=="
    },
    "driver.js@1.8.0": {
      "integrity": "sha512-+8/IO7h1v14IzWh2GP60N7T3PFZweXwdn5e5POuxRSBoCYUojsBxzqawPeXh3YZIibRy7EehYNEyxe7slwwtdg=="
    },
    "preact-render-to-string@6.7.0_preact@10.29.8__preact-render-to-string@6.7.0": {
      "integrity": "sha512-Z4WR8fmLMRpdYqJ9i7vrlXSsSrxVJydwrkEXHapexfARbWfGb7vGcnvNQnIzN0cXciMVOlz/XLoiMCi9gUsy9Q==",
      "dependencies": [
        "preact@10.29.8_preact-render-to-string@6.7.0__preact@10.29.8"
      ]
    },
    "preact@10.29.1": {
      "integrity": "sha512-gQCLc/vWroE8lIpleXtdJhTFDogTdZG9AjMUpVkDf2iTCNwYNWA+u16dL41TqUDJO4gm2IgrcMv3uTpjd4Pwmg=="
    },
    "preact@10.29.8_preact-render-to-string@6.7.0__preact@10.29.8": {
      "integrity": "sha512-ej2aVZ+vZ8WO7tvlQWRM9N63A0KzF9q4mWJfDUHgYaIofWY9hu74QdnQrjoPMmZi2/nZ5gN0bJCQF49xQqx09Q==",
      "dependencies": [
        "preact-render-to-string"
      ],
      "optionalPeers": [
        "preact-render-to-string"
      ]
    }
  },
  "workspace": {
    "dependencies": [
      "jsr:@fresh/core@^2.3.3",
      "jsr:@fresh/plugin-vite@^1.0.8",
      "jsr:@std/assert@1",
      "jsr:@std/testing@1",
      "npm:@preact/signals@2.9.0",
      "npm:@supabase/supabase-js@^2.49.0",
      "npm:@tailwindcss/vite@4.2.2",
      "npm:@types/pg@^8.20.0",
      "npm:daisyui@5",
      "npm:driver.js@1",
      "npm:pg@^8.20.0",
      "npm:preact@10.29.1",
      "npm:tailwindcss@4.2.2",
      "npm:vite@^7.1.3"
    ]
  }
}
